
Microsoft Visual Studio Solution File, Format Version 12.00
# Visual Studio Version 17
VisualStudioVersion = 17.7.34031.279
MinimumVisualStudioVersion = 10.0.40219.1
Project("{9A19103F-16F7-4668-BE54-9A1E7A4F7556}") = "Insurance.Calculator.API", "src\Insurance.Calculator.API\Insurance.Calculator.API.csproj", "{F0857FE7-8000-4951-BBF2-54B745ED1E04}"
EndProject
Project("{9A19103F-16F7-4668-BE54-9A1E7A4F7556}") = "Insurance.Calculator.Authorization", "src\Insurance.Calculator.Authorization\Insurance.Calculator.Authorization.csproj", "{A0CE0C27-7DC3-4FEB-8273-D6AD9CC439B0}"
EndProject
Project("{9A19103F-16F7-4668-BE54-9A1E7A4F7556}") = "Insurance.Calculator.Status", "src\Insurance.Calculator.Status\Insurance.Calculator.Status.csproj", "{10FF4DCE-1C75-434E-B2CB-283FD22AEDE5}"
EndProject
Project("{FAE04EC0-301F-11D3-BF4B-00C04F79EFBC}") = "Insurance.SharedDataAccess", "src\Insurance.SharedDataAccess\Insurance.SharedDataAccess.csproj", "{9CCB385B-6C64-48DD-9C39-37DAE3C81B98}"
EndProject
Project("{FAE04EC0-301F-11D3-BF4B-00C04F79EFBC}") = "JwtAuthenticationLibrary", "src\JwtAuthenticationLibrary\JwtAuthenticationLibrary.csproj", "{EACFE3FA-3339-4CFE-8E6E-6E16E657B8EB}"
EndProject
Global
	GlobalSection(SolutionConfigurationPlatforms) = preSolution
		Debug|Any CPU = Debug|Any CPU
		Release|Any CPU = Release|Any CPU
	EndGlobalSection
	GlobalSection(ProjectConfigurationPlatforms) = postSolution
		{F0857FE7-8000-4951-BBF2-54B745ED1E04}.Debug|Any CPU.ActiveCfg = Debug|Any CPU
		{F0857FE7-8000-4951-BBF2-54B745ED1E04}.Debug|Any CPU.Build.0 = Debug|Any CPU
		{F0857FE7-8000-4951-BBF2-54B745ED1E04}.Release|Any CPU.ActiveCfg = Release|Any CPU
		{F0857FE7-8000-4951-BBF2-54B745ED1E04}.Release|Any CPU.Build.0 = Release|Any CPU
		{A0CE0C27-7DC3-4FEB-8273-D6AD9CC439B0}.Debug|Any CPU.ActiveCfg = Debug|Any CPU
		{A0CE0C27-7DC3-4FEB-8273-D6AD9CC439B0}.Debug|Any CPU.Build.0 = Debug|Any CPU
		{A0CE0C27-7DC3-4FEB-8273-D6AD9CC439B0}.Release|Any CPU.ActiveCfg = Release|Any CPU
		{A0CE0C27-7DC3-4FEB-8273-D6AD9CC439B0}.Release|Any CPU.Build.0 = Release|Any CPU
		{10FF4DCE-1C75-434E-B2CB-283FD22AEDE5}.Debug|Any CPU.ActiveCfg = Debug|Any CPU
		{10FF4DCE-1C75-434E-B2CB-283FD22AEDE5}.Debug|Any CPU.Build.0 = Debug|Any CPU
		{10FF4DCE-1C75-434E-B2CB-283FD22AEDE5}.Release|Any CPU.ActiveCfg = Release|Any CPU
		{10FF4DCE-1C75-434E-B2CB-283FD22AEDE5}.Release|Any CPU.Build.0 = Release|Any CPU
		{9CCB385B-6C64-48DD-9C39-37DAE3C81B98}.Debug|Any CPU.ActiveCfg = Debug|Any CPU
		{9CCB385B-6C64-48DD-9C39-37DAE3C81B98}.Debug|Any CPU.Build.0 = Debug|Any CPU
		{9CCB385B-6C64-48DD-9C39-37DAE3C81B98}.Release|Any CPU.ActiveCfg = Release|Any CPU
		{9CCB385B-6C64-48DD-9C39-37DAE3C81B98}.Release|Any CPU.Build.0 = Release|Any CPU
		{EACFE3FA-3339-4CFE-8E6E-6E16E657B8EB}.Debug|Any CPU.ActiveCfg = Debug|Any CPU
		{EACFE3FA-3339-4CFE-8E6E-6E16E657B8EB}.Debug|Any CPU.Build.0 = Debug|Any CPU
		{EACFE3FA-3339-4CFE-8E6E-6E16E657B8EB}.Release|Any CPU.ActiveCfg = Release|Any CPU
		{EACFE3FA-3339-4CFE-8E6E-6E16E657B8EB}.Release|Any CPU.Build.0 = Release|Any CPU
	EndGlobalSection
	GlobalSection(SolutionProperties) = preSolution
		HideSolutionNode = FALSE
	EndGlobalSection
	GlobalSection(ExtensibilityGlobals) = postSolution
		SolutionGuid = {D297CB40-60C1-40E2-AF41-7B465CA36919}
	EndGlobalSection
EndGlobal
